
Microsoft Visual Studio Solution File, Format Version 12.00
# Visual Studio 14
VisualStudioVersion = 14.0.24720.0
MinimumVisualStudioVersion = 10.0.40219.1
Project("{FAE04EC0-301F-11D3-BF4B-00C04F79EFBC}") = "NotificationHubAPI", "NotificationHubAPI\NotificationHubAPI.csproj", "{A5EC1E60-6151-4CF6-B3B2-47020225797E}"
EndProject
Project("{2150E333-8FDC-42A3-9474-1A3956D46DE8}") = "PublishScripts", "PublishScripts", "{6E52E3DB-862D-4D71-BAED-32EA577E188E}"
EndProject
Project("{2150E333-8FDC-42A3-9474-1A3956D46DE8}") = "Scripts", "Scripts", "{D82758D0-1096-47BF-A240-EE497516A933}"
	ProjectSection(SolutionItems) = preProject
		PublishScripts\Scripts\Deploy-AzureResourceGroup.ps1 = PublishScripts\Scripts\Deploy-AzureResourceGroup.ps1
	EndProjectSection
EndProject
Project("{2150E333-8FDC-42A3-9474-1A3956D46DE8}") = "Templates", "Templates", "{1869A0D8-0B13-4E94-AAC0-78466E1908E3}"
	ProjectSection(SolutionItems) = preProject
		PublishScripts\Templates\NotificationHubAPI.json = PublishScripts\Templates\NotificationHubAPI.json
		PublishScripts\Templates\NotificationHubAPI.param.dev.json = PublishScripts\Templates\NotificationHubAPI.param.dev.json
	EndProjectSection
EndProject
Global
	GlobalSection(SolutionConfigurationPlatforms) = preSolution
		Debug|Any CPU = Debug|Any CPU
		Release|Any CPU = Release|Any CPU
	EndGlobalSection
	GlobalSection(ProjectConfigurationPlatforms) = postSolution
		{A5EC1E60-6151-4CF6-B3B2-47020225797E}.Debug|Any CPU.ActiveCfg = Debug|Any CPU
		{A5EC1E60-6151-4CF6-B3B2-47020225797E}.Debug|Any CPU.Build.0 = Debug|Any CPU
		{A5EC1E60-6151-4CF6-B3B2-47020225797E}.Release|Any CPU.ActiveCfg = Release|Any CPU
		{A5EC1E60-6151-4CF6-B3B2-47020225797E}.Release|Any CPU.Build.0 = Release|Any CPU
	EndGlobalSection
	GlobalSection(SolutionProperties) = preSolution
		HideSolutionNode = FALSE
	EndGlobalSection
	GlobalSection(NestedProjects) = preSolution
		{D82758D0-1096-47BF-A240-EE497516A933} = {6E52E3DB-862D-4D71-BAED-32EA577E188E}
		{1869A0D8-0B13-4E94-AAC0-78466E1908E3} = {6E52E3DB-862D-4D71-BAED-32EA577E188E}
	EndGlobalSection
EndGlobal
